
Microsoft Visual Studio Solution File, Format Version 12.00
# Visual Studio Version 16
VisualStudioVersion = 16.0.31729.503
MinimumVisualStudioVersion = 10.0.40219.1
Project("{9A19103F-16F7-4668-BE54-9A1E7A4F7556}") = "SiteDownChecker.Business", "SiteDownChecker.Business\SiteDownChecker.Business.csproj", "{B754D535-AC0B-45BF-9221-72C7C2C69DE4}"
EndProject
Project("{9A19103F-16F7-4668-BE54-9A1E7A4F7556}") = "SiteDownChecker.DataAccess", "SiteDownChecker.DataAccess\SiteDownChecker.DataAccess.csproj", "{14EEFCF5-280D-4907-BE13-5F336D3F1E37}"
EndProject
Global
	GlobalSection(SolutionConfigurationPlatforms) = preSolution
		Debug|Any CPU = Debug|Any CPU
		Release|Any CPU = Release|Any CPU
	EndGlobalSection
	GlobalSection(ProjectConfigurationPlatforms) = postSolution
		{B754D535-AC0B-45BF-9221-72C7C2C69DE4}.Debug|Any CPU.ActiveCfg = Debug|Any CPU
		{B754D535-AC0B-45BF-9221-72C7C2C69DE4}.Debug|Any CPU.Build.0 = Debug|Any CPU
		{B754D535-AC0B-45BF-9221-72C7C2C69DE4}.Release|Any CPU.ActiveCfg = Release|Any CPU
		{B754D535-AC0B-45BF-9221-72C7C2C69DE4}.Release|Any CPU.Build.0 = Release|Any CPU
		{14EEFCF5-280D-4907-BE13-5F336D3F1E37}.Debug|Any CPU.ActiveCfg = Debug|Any CPU
		{14EEFCF5-280D-4907-BE13-5F336D3F1E37}.Debug|Any CPU.Build.0 = Debug|Any CPU
		{14EEFCF5-280D-4907-BE13-5F336D3F1E37}.Release|Any CPU.ActiveCfg = Release|Any CPU
		{14EEFCF5-280D-4907-BE13-5F336D3F1E37}.Release|Any CPU.Build.0 = Release|Any CPU
	EndGlobalSection
	GlobalSection(SolutionProperties) = preSolution
		HideSolutionNode = FALSE
	EndGlobalSection
	GlobalSection(ExtensibilityGlobals) = postSolution
		SolutionGuid = {89F72AC0-8365-4B5A-B2E0-F3422F019881}
	EndGlobalSection
EndGlobal
